// !$*UTF8*$!
{
	archiveVersion = 1;
	classes = {
	};
	objectVersion = 48;
	objects = {

/* Begin PBXBuildFile section */
		D873FD2C1F5DE59000755FCA /* AppDelegate.swift in Sources */ = {isa = PBXBuildFile; fileRef = D873FD2B1F5DE59000755FCA /* AppDelegate.swift */; };
		D873FD2E1F5DE59000755FCA /* ViewController.swift in Sources */ = {isa = PBXBuildFile; fileRef = D873FD2D1F5DE59000755FCA /* ViewController.swift */; };
		D873FD311F5DE59000755FCA /* Main.storyboard in Resources */ = {isa = PBXBuildFile; fileRef = D873FD2F1F5DE59000755FCA /* Main.storyboard */; };
		D873FD331F5DE59000755FCA /* Assets.xcassets in Resources */ = {isa = PBXBuildFile; fileRef = D873FD321F5DE59000755FCA /* Assets.xcassets */; };
		D873FD361F5DE59000755FCA /* LaunchScreen.storyboard in Resources */ = {isa = PBXBuildFile; fileRef = D873FD341F5DE59000755FCA /* LaunchScreen.storyboard */; };
/* End PBXBuildFile section */

/* Begin PBXFileReference section */
		D873FD281F5DE59000755FCA /* InteractiveAnimations.app */ = {isa = PBXFileReference; explicitFileType = wrapper.application; includeInIndex = 0; path = InteractiveAnimations.app; sourceTree = BUILT_PRODUCTS_DIR; };
		D873FD2B1F5DE59000755FCA /* AppDelegate.swift */ = {isa = PBXFileReference; lastKnownFileType = sourcecode.swift; path = AppDelegate.swift; sourceTree = "<group>"; };
		D873FD2D1F5DE59000755FCA /* ViewController.swift */ = {isa = PBXFileReference; lastKnownFileType = sourcecode.swift; path = ViewController.swift; sourceTree = "<group>"; };
		D873FD301F5DE59000755FCA /* Base */ = {isa = PBXFileReference; lastKnownFileType = file.storyboard; name = Base; path = Base.lproj/Main.storyboard; sourceTree = "<group>"; };
		D873FD321F5DE59000755FCA /* Assets.xcassets */ = {isa = PBXFileReference; lastKnownFileType = folder.assetcatalog; path = Assets.xcassets; sourceTree = "<group>"; };
		D873FD351F5DE59000755FCA /* Base */ = {isa = PBXFileReference; lastKnownFileType = file.storyboard; name = Base; path = Base.lproj/LaunchScreen.storyboard; sourceTree = "<group>"; };
		D873FD371F5DE59000755FCA /* Info.plist */ = {isa = PBXFileReference; lastKnownFileType = text.plist.xml; path = Info.plist; sourceTree = "<group>"; };
/* End PBXFileReference section */

/* Begin PBXFrameworksBuildPhase section */
		D873FD251F5DE59000755FCA /* Frameworks */ = {
			isa = PBXFrameworksBuildPhase;
			buildActionMask = 2147483647;
			files = (
			);
			runOnlyForDeploymentPostprocessing = 0;
		};
/* End PBXFrameworksBuildPhase section */

/* Begin PBXGroup section */
		D873FD1F1F5DE59000755FCA = {
			isa = PBXGroup;
			children = (
				D873FD2A1F5DE59000755FCA /* InteractiveAnimations */,
				D873FD291F5DE59000755FCA /* Products */,
			);
			sourceTree = "<group>";
		};
		D873FD291F5DE59000755FCA /* Products */ = {
			isa = PBXGroup;
			children = (
				D873FD281F5DE59000755FCA /* InteractiveAnimations.app */,
			);
			name = Products;
			sourceTree = "<group>";
		};
		D873FD2A1F5DE59000755FCA /* InteractiveAnimations */ = {
			isa = PBXGroup;
			children = (
				D873FD2B1F5DE59000755FCA /* AppDelegate.swift */,
				D873FD2D1F5DE59000755FCA /* ViewController.swift */,
				D873FD2F1F5DE59000755FCA /* Main.storyboard */,
				D873FD321F5DE59000755FCA /* Assets.xcassets */,
				D873FD341F5DE59000755FCA /* LaunchScreen.storyboard */,
				D873FD371F5DE59000755FCA /* Info.plist */,
			);
			path = InteractiveAnimations;
			sourceTree = "<group>";
		};
/* End PBXGroup section */

/* Begin PBXNativeTarget section */
		D873FD271F5DE59000755FCA /* InteractiveAnimations */ = {
			isa = PBXNativeTarget;
			buildConfigurationList = D873FD3A1F5DE59000755FCA /* Build configuration list for PBXNativeTarget "InteractiveAnimations" */;
			buildPhases = (
				D873FD241F5DE59000755FCA /* Sources */,
				D873FD251F5DE59000755FCA /* Frameworks */,
				D873FD261F5DE59000755FCA /* Resources */,
			);
			buildRules = (
			);
			dependencies = (
			);
			name = InteractiveAnimations;
			productName = InteractiveAnimations;
			productReference = D873FD281F5DE59000755FCA /* InteractiveAnimations.app */;
			productType = "com.apple.product-type.application";
		};
/* End PBXNativeTarget section */

/* Begin PBXProject section */
		D873FD201F5DE59000755FCA /* Project object */ = {
			isa = PBXProject;
			attributes = {
				LastSwiftUpdateCheck = 0900;
				LastUpgradeCheck = 0900;
				ORGANIZATIONNAME = "Nathan Gitter";
				TargetAttributes = {
					D873FD271F5DE59000755FCA = {
						CreatedOnToolsVersion = 9.0;
						ProvisioningStyle = Automatic;
					};
				};
			};
			buildConfigurationList = D873FD231F5DE59000755FCA /* Build configuration list for PBXProject "InteractiveAnimations" */;
			compatibilityVersion = "Xcode 8.0";
			developmentRegion = en;
			hasScannedForEncodings = 0;
			knownRegions = (
				en,
				Base,
			);
			mainGroup = D873FD1F1F5DE59000755FCA;
			productRefGroup = D873FD291F5DE59000755FCA /* Products */;
			projectDirPath = "";
			projectRoot = "";
			targets = (
				D873FD271F5DE59000755FCA /* InteractiveAnimations */,
			);
		};
/* End PBXProject section */

/* Begin PBXResourcesBuildPhase section */
		D873FD261F5DE59000755FCA /* Resources */ = {
			isa = PBXResourcesBuildPhase;
			buildActionMask = 2147483647;
			files = (
				D873FD361F5DE59000755FCA /* LaunchScreen.storyboard in Resources */,
				D873FD331F5DE59000755FCA /* Assets.xcassets in Resources */,
				D873FD311F5DE59000755FCA /* Main.storyboard in Resources */,
			);
			runOnlyForDeploymentPostprocessing = 0;
		};
/* End PBXResourcesBuildPhase section */

/* Begin PBXSourcesBuildPhase section */
		D873FD241F5DE59000755FCA /* Sources */ = {
			isa = PBXSourcesBuildPhase;
			buildActionMask = 2147483647;
			files = (
				D873FD2E1F5DE59000755FCA /* ViewController.swift in Sources */,
				D873FD2C1F5DE59000755FCA /* AppDelegate.swift in Sources */,
			);
			runOnlyForDeploymentPostprocessing = 0;
		};
/* End PBXSourcesBuildPhase section */

/* Begin PBXVariantGroup section */
		D873FD2F1F5DE59000755FCA /* Main.storyboard */ = {
			isa = PBXVariantGroup;
			children = (
				D873FD301F5DE59000755FCA /* Base */,
			);
			name = Main.storyboard;
			sourceTree = "<group>";
		};
		D873FD341F5DE59000755FCA /* LaunchScreen.storyboard */ = {
			isa = PBXVariantGroup;
			children = (
				D873FD351F5DE59000755FCA /* Base */,
			);
			name = LaunchScreen.storyboard;
			sourceTree = "<group>";
		};
/* End PBXVariantGroup section */

/* Begin XCBuildConfiguration section */
		D873FD381F5DE59000755FCA /* Debug */ = {
			isa = XCBuildConfiguration;
			buildSettings = {
				ALWAYS_SEARCH_USER_PATHS = NO;
				CLANG_ANALYZER_NONNULL = YES;
				CLANG_ANALYZER_NUMBER_OBJECT_CONVERSION = YES_AGGRESSIVE;
				CLANG_CXX_LANGUAGE_STANDARD = "gnu++14";
				CLANG_CXX_LIBRARY = "libc++";
				CLANG_ENABLE_MODULES = YES;
				CLANG_ENABLE_OBJC_ARC = YES;
				CLANG_WARN_BLOCK_CAPTURE_AUTORELEASING = YES;
				CLANG_WARN_BOOL_CONVERSION = YES;
				CLANG_WARN_COMMA = YES;
				CLANG_WARN_CONSTANT_CONVERSION = YES;
				CLANG_WARN_DIRECT_OBJC_ISA_USAGE = YES_ERROR;
				CLANG_WARN_DOCUMENTATION_COMMENTS = YES;
				CLANG_WARN_EMPTY_BODY = YES;
				CLANG_WARN_ENUM_CONVERSION = YES;
				CLANG_WARN_INFINITE_RECURSION = YES;
				CLANG_WARN_INT_CONVERSION = YES;
				CLANG_WARN_NON_LITERAL_NULL_CONVERSION = YES;
				CLANG_WARN_OBJC_LITERAL_CONVERSION = YES;
				CLANG_WARN_OBJC_ROOT_CLASS = YES_ERROR;
				CLANG_WARN_RANGE_LOOP_ANALYSIS = YES;
				CLANG_WARN_STRICT_PROTOTYPES = YES;
				CLANG_WARN_SUSPICIOUS_MOVE = YES;
				CLANG_WARN_UNGUARDED_AVAILABILITY = YES_AGGRESSIVE;
				CLANG_WARN_UNREACHABLE_CODE = YES;
				CLANG_WARN__DUPLICATE_METHOD_MATCH = YES;
				CODE_SIGN_IDENTITY = "iPhone Developer";
				COPY_PHASE_STRIP = NO;
				DEBUG_INFORMATION_FORMAT = dwarf;
				ENABLE_STRICT_OBJC_MSGSEND = YES;
				ENABLE_TESTABILITY = YES;
				GCC_C_LANGUAGE_STANDARD = gnu11;
				GCC_DYNAMIC_NO_PIC = NO;
				GCC_NO_COMMON_BLOCKS = YES;
				GCC_OPTIMIZATION_LEVEL = 0;
				GCC_PREPROCESSOR_DEFINITIONS = (
					"DEBUG=1",
					"$(inherited)",
				);
				GCC_WARN_64_TO_32_BIT_CONVERSION = YES;
				GCC_WARN_ABOUT_RETURN_TYPE = YES_ERROR;
				GCC_WARN_UNDECLARED_SELECTOR = YES;
				GCC_WARN_UNINITIALIZED_AUTOS = YES_AGGRESSIVE;
				GCC_WARN_UNUSED_FUNCTION = YES;
				GCC_WARN_UNUSED_VARIABLE = YES;
				IPHONEOS_DEPLOYMENT_TARGET = 11.0;
				MTL_ENABLE_DEBUG_INFO = YES;
				ONLY_ACTIVE_ARCH = YES;
				SDKROOT = iphoneos;
				SWIFT_ACTIVE_COMPILATION_CONDITIONS = DEBUG;
				SWIFT_OPTIMIZATION_LEVEL = "-Onone";
			};
			name = Debug;
		};
		D873FD391F5DE59000755FCA /* Release */ = {
			isa = XCBuildConfiguration;
			buildSettings = {
				ALWAYS_SEARCH_USER_PATHS = NO;
				CLANG_ANALYZER_NONNULL = YES;
				CLANG_ANALYZER_NUMBER_OBJECT_CONVERSION = YES_AGGRESSIVE;
				CLANG_CXX_LANGUAGE_STANDARD = "gnu++14";
				CLANG_CXX_LIBRARY = "libc++";
				CLANG_ENABLE_MODULES = YES;
				CLANG_ENABLE_OBJC_ARC = YES;
				CLANG_WARN_BLOCK_CAPTURE_AUTORELEASING = YES;
				CLANG_WARN_BOOL_CONVERSION = YES;
				CLANG_WARN_COMMA = YES;
				CLANG_WARN_CONSTANT_CONVERSION = YES;
				CLANG_WARN_DIRECT_OBJC_ISA_USAGE = YES_ERROR;
				CLANG_WARN_DOCUMENTATION_COMMENTS = YES;
				CLANG_WARN_EMPTY_BODY = YES;
				CLANG_WARN_ENUM_CONVERSION = YES;
				CLANG_WARN_INFINITE_RECURSION = YES;
				CLANG_WARN_INT_CONVERSION = YES;
				CLANG_WARN_NON_LITERAL_NULL_CONVERSION = YES;
				CLANG_WARN_OBJC_LITERAL_CONVERSION = YES;
				CLANG_WARN_OBJC_ROOT_CLASS = YES_ERROR;
				CLANG_WARN_RANGE_LOOP_ANALYSIS = YES;
				CLANG_WARN_STRICT_PROTOTYPES = YES;
				CLANG_WARN_SUSPICIOUS_MOVE = YES;
				CLANG_WARN_UNGUARDED_AVAILABILITY = YES_AGGRESSIVE;
				CLANG_WARN_UNREACHABLE_CODE = YES;
				CLANG_WARN__DUPLICATE_METHOD_MATCH = YES;
				CODE_SIGN_IDENTITY = "iPhone Developer";
				COPY_PHASE_STRIP = NO;
				DEBUG_INFORMATION_FORMAT = "dwarf-with-dsym";
				ENABLE_NS_ASSERTIONS = NO;
				ENABLE_STRICT_OBJC_MSGSEND = YES;
				GCC_C_LANGUAGE_STANDARD = gnu11;
				GCC_NO_COMMON_BLOCKS = YES;
				GCC_WARN_64_TO_32_BIT_CONVERSION = YES;
				GCC_WARN_ABOUT_RETURN_TYPE = YES_ERROR;
				GCC_WARN_UNDECLARED_SELECTOR = YES;
				GCC_WARN_UNINITIALIZED_AUTOS = YES_AGGRESSIVE;
				GCC_WARN_UNUSED_FUNCTION = YES;
				GCC_WARN_UNUSED_VARIABLE = YES;
				IPHONEOS_DEPLOYMENT_TARGET = 11.0;
				MTL_ENABLE_DEBUG_INFO = NO;
				SDKROOT = iphoneos;
				SWIFT_OPTIMIZATION_LEVEL = "-Owholemodule";
				VALIDATE_PRODUCT = YES;
			};
			name = Release;
		};
		D873FD3B1F5DE59000755FCA /* Debug */ = {
			isa = XCBuildConfiguration;
			buildSettings = {
				ASSETCATALOG_COMPILER_APPICON_NAME = AppIcon;
				CODE_SIGN_STYLE = Automatic;
				DEVELOPMENT_TEAM = PW5ET5HNB2;
				INFOPLIST_FILE = InteractiveAnimations/Info.plist;
				LD_RUNPATH_SEARCH_PATHS = "$(inherited) @executable_path/Frameworks";
				PRODUCT_BUNDLE_IDENTIFIER = nathangitter.InteractiveAnimations;
				PRODUCT_NAME = "$(TARGET_NAME)";
				SWIFT_VERSION = 4.0;
				TARGETED_DEVICE_FAMILY = "1,2";
			};
			name = Debug;
		};
		D873FD3C1F5DE59000755FCA /* Release */ = {
			isa = XCBuildConfiguration;
			buildSettings = {
				ASSETCATALOG_COMPILER_APPICON_NAME = AppIcon;
				CODE_SIGN_STYLE = Automatic;
				DEVELOPMENT_TEAM = PW5ET5HNB2;
				INFOPLIST_FILE = InteractiveAnimations/Info.plist;
				LD_RUNPATH_SEARCH_PATHS = "$(inherited) @executable_path/Frameworks";
				PRODUCT_BUNDLE_IDENTIFIER = nathangitter.InteractiveAnimations;
				PRODUCT_NAME = "$(TARGET_NAME)";
				SWIFT_VERSION = 4.0;
				TARGETED_DEVICE_FAMILY = "1,2";
			};
			name = Release;
		};
/* End XCBuildConfiguration section */

/* Begin XCConfigurationList section */
		D873FD231F5DE59000755FCA /* Build configuration list for PBXProject "InteractiveAnimations" */ = {
			isa = XCConfigurationList;
			buildConfigurations = (
				D873FD381F5DE59000755FCA /* Debug */,
				D873FD391F5DE59000755FCA /* Release */,
			);
			defaultConfigurationIsVisible = 0;
			defaultConfigurationName = Release;
		};
		D873FD3A1F5DE59000755FCA /* Build configuration list for PBXNativeTarget "InteractiveAnimations" */ = {
			isa = XCConfigurationList;
			buildConfigurations = (
				D873FD3B1F5DE59000755FCA /* Debug */,
				D873FD3C1F5DE59000755FCA /* Release */,
			);
			defaultConfigurationIsVisible = 0;
			defaultConfigurationName = Release;
		};
/* End XCConfigurationList section */
	};
	rootObject = D873FD201F5DE59000755FCA /* Project object */;
}
